
Microsoft Visual Studio Solution File, Format Version 12.00
# Visual Studio Version 17
VisualStudioVersion = 17.0.31612.314
MinimumVisualStudioVersion = 10.0.40219.1
Project("{2150E333-8FDC-42A3-9474-1A3956D46DE8}") = "src", "src", "{AC974B0C-9554-4696-898B-E20B4CA28E12}"
EndProject
Project("{9A19103F-16F7-4668-BE54-9A1E7A4F7556}") = "IGE.WritableOptions", "src\IGE.WritableOptions\IGE.WritableOptions.csproj", "{88455B85-4CA4-44BD-8398-C80FC5A9BCCD}"
EndProject
Project("{2150E333-8FDC-42A3-9474-1A3956D46DE8}") = "Solution Items", "Solution Items", "{4E23B68A-052D-45CF-B457-704D37F4A91B}"
	ProjectSection(SolutionItems) = preProject
		.editorconfig = .editorconfig
		stylecop.json = stylecop.json
	EndProjectSection
EndProject
Project("{2150E333-8FDC-42A3-9474-1A3956D46DE8}") = ".scratch", ".scratch", "{1D9EBFC2-487F-43E3-B5C2-870F5AA7AE78}"
EndProject
Project("{9A19103F-16F7-4668-BE54-9A1E7A4F7556}") = "IGE.WritableOptions.ConsoleTest", ".scratch\IGE.ApplicationPreferences.ConsoleTest\IGE.WritableOptions.ConsoleTest.csproj", "{90E543F5-477B-49E6-A35E-0B0B145DC146}"
EndProject
Global
	GlobalSection(SolutionConfigurationPlatforms) = preSolution
		alpha|Any CPU = alpha|Any CPU
		Debug|Any CPU = Debug|Any CPU
		Release|Any CPU = Release|Any CPU
	EndGlobalSection
	GlobalSection(ProjectConfigurationPlatforms) = postSolution
		{88455B85-4CA4-44BD-8398-C80FC5A9BCCD}.alpha|Any CPU.ActiveCfg = alpha|Any CPU
		{88455B85-4CA4-44BD-8398-C80FC5A9BCCD}.alpha|Any CPU.Build.0 = alpha|Any CPU
		{88455B85-4CA4-44BD-8398-C80FC5A9BCCD}.Debug|Any CPU.ActiveCfg = Debug|Any CPU
		{88455B85-4CA4-44BD-8398-C80FC5A9BCCD}.Debug|Any CPU.Build.0 = Debug|Any CPU
		{88455B85-4CA4-44BD-8398-C80FC5A9BCCD}.Release|Any CPU.ActiveCfg = Release|Any CPU
		{88455B85-4CA4-44BD-8398-C80FC5A9BCCD}.Release|Any CPU.Build.0 = Release|Any CPU
		{90E543F5-477B-49E6-A35E-0B0B145DC146}.alpha|Any CPU.ActiveCfg = alpha|Any CPU
		{90E543F5-477B-49E6-A35E-0B0B145DC146}.alpha|Any CPU.Build.0 = alpha|Any CPU
		{90E543F5-477B-49E6-A35E-0B0B145DC146}.Debug|Any CPU.ActiveCfg = Debug|Any CPU
		{90E543F5-477B-49E6-A35E-0B0B145DC146}.Debug|Any CPU.Build.0 = Debug|Any CPU
		{90E543F5-477B-49E6-A35E-0B0B145DC146}.Release|Any CPU.ActiveCfg = Release|Any CPU
		{90E543F5-477B-49E6-A35E-0B0B145DC146}.Release|Any CPU.Build.0 = Release|Any CPU
	EndGlobalSection
	GlobalSection(SolutionProperties) = preSolution
		HideSolutionNode = FALSE
	EndGlobalSection
	GlobalSection(NestedProjects) = preSolution
		{88455B85-4CA4-44BD-8398-C80FC5A9BCCD} = {AC974B0C-9554-4696-898B-E20B4CA28E12}
		{90E543F5-477B-49E6-A35E-0B0B145DC146} = {1D9EBFC2-487F-43E3-B5C2-870F5AA7AE78}
	EndGlobalSection
	GlobalSection(ExtensibilityGlobals) = postSolution
		SolutionGuid = {1F92C21A-0658-48C5-8A86-116C3036A356}
	EndGlobalSection
EndGlobal
